
Microsoft Visual Studio Solution File, Format Version 12.00
# Visual Studio Version 17
VisualStudioVersion = 17.4.33213.308
MinimumVisualStudioVersion = 10.0.40219.1
Project("{9A19103F-16F7-4668-BE54-9A1E7A4F7556}") = "Core.Persistence", "Core.Persistence\Core.Persistence.csproj", "{7F834315-2ACF-45F3-8A27-11A11B1FE4B7}"
EndProject
Project("{9A19103F-16F7-4668-BE54-9A1E7A4F7556}") = "Core.Application", "Core.Application\Core.Application.csproj", "{06C40B36-A3EF-4037-9838-327AE88E9E64}"
EndProject
Project("{FAE04EC0-301F-11D3-BF4B-00C04F79EFBC}") = "Core.CrossCuttingConcerns", "Core.CrossCuttingConcerns\Core.CrossCuttingConcerns.csproj", "{157654F1-1A43-4B20-AFD4-57EA2AF92BB2}"
EndProject
Global
	GlobalSection(SolutionConfigurationPlatforms) = preSolution
		Debug|Any CPU = Debug|Any CPU
		Release|Any CPU = Release|Any CPU
	EndGlobalSection
	GlobalSection(ProjectConfigurationPlatforms) = postSolution
		{7F834315-2ACF-45F3-8A27-11A11B1FE4B7}.Debug|Any CPU.ActiveCfg = Debug|Any CPU
		{7F834315-2ACF-45F3-8A27-11A11B1FE4B7}.Debug|Any CPU.Build.0 = Debug|Any CPU
		{7F834315-2ACF-45F3-8A27-11A11B1FE4B7}.Release|Any CPU.ActiveCfg = Release|Any CPU
		{7F834315-2ACF-45F3-8A27-11A11B1FE4B7}.Release|Any CPU.Build.0 = Release|Any CPU
		{06C40B36-A3EF-4037-9838-327AE88E9E64}.Debug|Any CPU.ActiveCfg = Debug|Any CPU
		{06C40B36-A3EF-4037-9838-327AE88E9E64}.Debug|Any CPU.Build.0 = Debug|Any CPU
		{06C40B36-A3EF-4037-9838-327AE88E9E64}.Release|Any CPU.ActiveCfg = Release|Any CPU
		{06C40B36-A3EF-4037-9838-327AE88E9E64}.Release|Any CPU.Build.0 = Release|Any CPU
		{157654F1-1A43-4B20-AFD4-57EA2AF92BB2}.Debug|Any CPU.ActiveCfg = Debug|Any CPU
		{157654F1-1A43-4B20-AFD4-57EA2AF92BB2}.Debug|Any CPU.Build.0 = Debug|Any CPU
		{157654F1-1A43-4B20-AFD4-57EA2AF92BB2}.Release|Any CPU.ActiveCfg = Release|Any CPU
		{157654F1-1A43-4B20-AFD4-57EA2AF92BB2}.Release|Any CPU.Build.0 = Release|Any CPU
	EndGlobalSection
	GlobalSection(SolutionProperties) = preSolution
		HideSolutionNode = FALSE
	EndGlobalSection
	GlobalSection(ExtensibilityGlobals) = postSolution
		SolutionGuid = {84CF3493-43F9-4D66-B290-D81767F215B0}
	EndGlobalSection
EndGlobal
